
Microsoft Visual Studio Solution File, Format Version 12.00
# Visual Studio 15
VisualStudioVersion = 15.0.27004.2008
MinimumVisualStudioVersion = 10.0.40219.1
Project("{FAE04EC0-301F-11D3-BF4B-00C04F79EFBC}") = "Day21_Lecture_EntityFramework", "Day21_Lecture_EntityFramework\Day21_Lecture_EntityFramework.csproj", "{BB33FE58-704A-45CC-ADCD-30EEE493786F}"
EndProject
Global
	GlobalSection(SolutionConfigurationPlatforms) = preSolution
		Debug|Any CPU = Debug|Any CPU
		Release|Any CPU = Release|Any CPU
	EndGlobalSection
	GlobalSection(ProjectConfigurationPlatforms) = postSolution
		{BB33FE58-704A-45CC-ADCD-30EEE493786F}.Debug|Any CPU.ActiveCfg = Debug|Any CPU
		{BB33FE58-704A-45CC-ADCD-30EEE493786F}.Debug|Any CPU.Build.0 = Debug|Any CPU
		{BB33FE58-704A-45CC-ADCD-30EEE493786F}.Release|Any CPU.ActiveCfg = Release|Any CPU
		{BB33FE58-704A-45CC-ADCD-30EEE493786F}.Release|Any CPU.Build.0 = Release|Any CPU
	EndGlobalSection
	GlobalSection(SolutionProperties) = preSolution
		HideSolutionNode = FALSE
	EndGlobalSection
	GlobalSection(ExtensibilityGlobals) = postSolution
		SolutionGuid = {616F2ED5-977F-4977-9676-050A46D44D5C}
	EndGlobalSection
EndGlobal
